Microsoft Visual Studio Solution File, Format Version 12.00
# Visual Studio Version 17
VisualStudioVersion = 17.5.2.0
MinimumVisualStudioVersion = 10.0.40219.1
Project("{FAE04EC0-301F-11D3-BF4B-00C04F79EFBC}") = "GreetingsEarth", "GreetingsEarth.csproj", "{C064C5B6-4461-4FD2-C1C2-1A22C1E30CEE}"
EndProject
Global
	GlobalSection(SolutionConfigurationPlatforms) = preSolution
		Debug|Any CPU = Debug|Any CPU
		Release|Any CPU = Release|Any CPU
	EndGlobalSection
	GlobalSection(ProjectConfigurationPlatforms) = postSolution
		{C064C5B6-4461-4FD2-C1C2-1A22C1E30CEE}.Debug|Any CPU.ActiveCfg = Debug|Any CPU
		{C064C5B6-4461-4FD2-C1C2-1A22C1E30CEE}.Debug|Any CPU.Build.0 = Debug|Any CPU
		{C064C5B6-4461-4FD2-C1C2-1A22C1E30CEE}.Release|Any CPU.ActiveCfg = Release|Any CPU
		{C064C5B6-4461-4FD2-C1C2-1A22C1E30CEE}.Release|Any CPU.Build.0 = Release|Any CPU
	EndGlobalSection
	GlobalSection(SolutionProperties) = preSolution
		HideSolutionNode = FALSE
	EndGlobalSection
	GlobalSection(ExtensibilityGlobals) = postSolution
		SolutionGuid = {AE167F4E-5B46-4708-B937-97BF8CD9026C}
	EndGlobalSection
EndGlobal
